
Microsoft Visual Studio Solution File, Format Version 12.00
# Visual Studio Version 16
VisualStudioVersion = 16.0.28803.202
MinimumVisualStudioVersion = 10.0.40219.1
Project("{9A19103F-16F7-4668-BE54-9A1E7A4F7556}") = "GoCommando", "GoCommando\GoCommando.csproj", "{FBFFCC6B-41E4-4C93-BA9F-EA7628422F60}"
EndProject
Project("{FAE04EC0-301F-11D3-BF4B-00C04F79EFBC}") = "GoCommando.Tests", "GoCommando.Tests\GoCommando.Tests.csproj", "{5B0BCF64-81B6-4A33-8D00-C673A0EF3551}"
EndProject
Project("{2150E333-8FDC-42A3-9474-1A3956D46DE8}") = "examples", "examples", "{8B6E5335-240C-4540-A796-9AE1D96C4BC0}"
EndProject
Project("{2150E333-8FDC-42A3-9474-1A3956D46DE8}") = "stuff", "stuff", "{1A6CA695-BCB8-4DFF-B117-6529071B1F36}"
	ProjectSection(SolutionItems) = preProject
		Package.nuspec = Package.nuspec
		README.md = README.md
	EndProjectSection
EndProject
Project("{FAE04EC0-301F-11D3-BF4B-00C04F79EFBC}") = "Beverage", "Beverage\Beverage.csproj", "{324FC1A5-749A-44BF-BDB7-EB093F5DD88F}"
EndProject
Project("{FAE04EC0-301F-11D3-BF4B-00C04F79EFBC}") = "TestApp", "TestApp\TestApp.csproj", "{1DC7365E-E01D-477A-82F7-2BC5EFC51640}"
EndProject
Project("{FAE04EC0-301F-11D3-BF4B-00C04F79EFBC}") = "TestApp2", "TestApp2\TestApp2.csproj", "{07010B53-B1CB-4696-8BB4-DCA2943B6B59}"
EndProject
Project("{FAE04EC0-301F-11D3-BF4B-00C04F79EFBC}") = "CoreTestApp", "CoreTestApp\CoreTestApp.csproj", "{E7796A72-CBB4-4898-81A2-C007C9107AAD}"
EndProject
Global
	GlobalSection(SolutionConfigurationPlatforms) = preSolution
		Debug|Any CPU = Debug|Any CPU
		Release|Any CPU = Release|Any CPU
	EndGlobalSection
	GlobalSection(ProjectConfigurationPlatforms) = postSolution
		{FBFFCC6B-41E4-4C93-BA9F-EA7628422F60}.Debug|Any CPU.ActiveCfg = Debug|Any CPU
		{FBFFCC6B-41E4-4C93-BA9F-EA7628422F60}.Debug|Any CPU.Build.0 = Debug|Any CPU
		{FBFFCC6B-41E4-4C93-BA9F-EA7628422F60}.Release|Any CPU.ActiveCfg = Release|Any CPU
		{FBFFCC6B-41E4-4C93-BA9F-EA7628422F60}.Release|Any CPU.Build.0 = Release|Any CPU
		{5B0BCF64-81B6-4A33-8D00-C673A0EF3551}.Debug|Any CPU.ActiveCfg = Debug|Any CPU
		{5B0BCF64-81B6-4A33-8D00-C673A0EF3551}.Debug|Any CPU.Build.0 = Debug|Any CPU
		{5B0BCF64-81B6-4A33-8D00-C673A0EF3551}.Release|Any CPU.ActiveCfg = Debug|Any CPU
		{5B0BCF64-81B6-4A33-8D00-C673A0EF3551}.Release|Any CPU.Build.0 = Debug|Any CPU
		{324FC1A5-749A-44BF-BDB7-EB093F5DD88F}.Debug|Any CPU.ActiveCfg = Debug|Any CPU
		{324FC1A5-749A-44BF-BDB7-EB093F5DD88F}.Debug|Any CPU.Build.0 = Debug|Any CPU
		{324FC1A5-749A-44BF-BDB7-EB093F5DD88F}.Release|Any CPU.ActiveCfg = Release|Any CPU
		{324FC1A5-749A-44BF-BDB7-EB093F5DD88F}.Release|Any CPU.Build.0 = Release|Any CPU
		{1DC7365E-E01D-477A-82F7-2BC5EFC51640}.Debug|Any CPU.ActiveCfg = Debug|Any CPU
		{1DC7365E-E01D-477A-82F7-2BC5EFC51640}.Debug|Any CPU.Build.0 = Debug|Any CPU
		{1DC7365E-E01D-477A-82F7-2BC5EFC51640}.Release|Any CPU.ActiveCfg = Release|Any CPU
		{1DC7365E-E01D-477A-82F7-2BC5EFC51640}.Release|Any CPU.Build.0 = Release|Any CPU
		{07010B53-B1CB-4696-8BB4-DCA2943B6B59}.Debug|Any CPU.ActiveCfg = Debug|Any CPU
		{07010B53-B1CB-4696-8BB4-DCA2943B6B59}.Debug|Any CPU.Build.0 = Debug|Any CPU
		{07010B53-B1CB-4696-8BB4-DCA2943B6B59}.Release|Any CPU.ActiveCfg = Release|Any CPU
		{07010B53-B1CB-4696-8BB4-DCA2943B6B59}.Release|Any CPU.Build.0 = Release|Any CPU
		{E7796A72-CBB4-4898-81A2-C007C9107AAD}.Debug|Any CPU.ActiveCfg = Debug|Any CPU
		{E7796A72-CBB4-4898-81A2-C007C9107AAD}.Debug|Any CPU.Build.0 = Debug|Any CPU
		{E7796A72-CBB4-4898-81A2-C007C9107AAD}.Release|Any CPU.ActiveCfg = Release|Any CPU
		{E7796A72-CBB4-4898-81A2-C007C9107AAD}.Release|Any CPU.Build.0 = Release|Any CPU
	EndGlobalSection
	GlobalSection(SolutionProperties) = preSolution
		HideSolutionNode = FALSE
	EndGlobalSection
	GlobalSection(NestedProjects) = preSolution
		{324FC1A5-749A-44BF-BDB7-EB093F5DD88F} = {8B6E5335-240C-4540-A796-9AE1D96C4BC0}
		{1DC7365E-E01D-477A-82F7-2BC5EFC51640} = {8B6E5335-240C-4540-A796-9AE1D96C4BC0}
		{07010B53-B1CB-4696-8BB4-DCA2943B6B59} = {8B6E5335-240C-4540-A796-9AE1D96C4BC0}
		{E7796A72-CBB4-4898-81A2-C007C9107AAD} = {8B6E5335-240C-4540-A796-9AE1D96C4BC0}
	EndGlobalSection
	GlobalSection(ExtensibilityGlobals) = postSolution
		SolutionGuid = {DF6EEC14-C1C0-4A90-A776-4F9D2079009D}
	EndGlobalSection
EndGlobal
