
Microsoft Visual Studio Solution File, Format Version 11.00
# Visual Studio 2010
Project("{2150E333-8FDC-42A3-9474-1A3956D46DE8}") = "build", "build", "{3903DEE6-D83F-4328-B15D-129FA4658AA9}"
	ProjectSection(SolutionItems) = preProject
		..\build.bat = ..\build.bat
		..\scripts\build.proj = ..\scripts\build.proj
	EndProjectSection
EndProject
Project("{FAE04EC0-301F-11D3-BF4B-00C04F79EFBC}") = "GoCommando", "GoCommando\GoCommando.csproj", "{83A32DB4-90CF-4707-9463-2E0589F80EFD}"
EndProject
Project("{FAE04EC0-301F-11D3-BF4B-00C04F79EFBC}") = "GoCommando.Tests", "GoCommando.Tests\GoCommando.Tests.csproj", "{12BCC57F-5D0B-496E-B47A-BD2A85190D48}"
EndProject
Project("{FAE04EC0-301F-11D3-BF4B-00C04F79EFBC}") = "GoCommando.ConsoleApplication", "GoCommando.ConsoleApplication\GoCommando.ConsoleApplication.csproj", "{8F0347E7-51AF-42F8-A259-F5DE19C6D858}"
EndProject
Global
	GlobalSection(SolutionConfigurationPlatforms) = preSolution
		Debug|Any CPU = Debug|Any CPU
		Release|Any CPU = Release|Any CPU
	EndGlobalSection
	GlobalSection(ProjectConfigurationPlatforms) = postSolution
		{83A32DB4-90CF-4707-9463-2E0589F80EFD}.Debug|Any CPU.ActiveCfg = Debug|Any CPU
		{83A32DB4-90CF-4707-9463-2E0589F80EFD}.Debug|Any CPU.Build.0 = Debug|Any CPU
		{83A32DB4-90CF-4707-9463-2E0589F80EFD}.Release|Any CPU.ActiveCfg = Release|Any CPU
		{83A32DB4-90CF-4707-9463-2E0589F80EFD}.Release|Any CPU.Build.0 = Release|Any CPU
		{12BCC57F-5D0B-496E-B47A-BD2A85190D48}.Debug|Any CPU.ActiveCfg = Debug|Any CPU
		{12BCC57F-5D0B-496E-B47A-BD2A85190D48}.Debug|Any CPU.Build.0 = Debug|Any CPU
		{12BCC57F-5D0B-496E-B47A-BD2A85190D48}.Release|Any CPU.ActiveCfg = Release|Any CPU
		{12BCC57F-5D0B-496E-B47A-BD2A85190D48}.Release|Any CPU.Build.0 = Release|Any CPU
		{8F0347E7-51AF-42F8-A259-F5DE19C6D858}.Debug|Any CPU.ActiveCfg = Debug|Any CPU
		{8F0347E7-51AF-42F8-A259-F5DE19C6D858}.Debug|Any CPU.Build.0 = Debug|Any CPU
		{8F0347E7-51AF-42F8-A259-F5DE19C6D858}.Release|Any CPU.ActiveCfg = Release|Any CPU
		{8F0347E7-51AF-42F8-A259-F5DE19C6D858}.Release|Any CPU.Build.0 = Release|Any CPU
	EndGlobalSection
	GlobalSection(SolutionProperties) = preSolution
		HideSolutionNode = FALSE
	EndGlobalSection
EndGlobal
